
Microsoft Visual Studio Solution File, Format Version 12.00
# Visual Studio Version 18
VisualStudioVersion = 18.1.11312.151 d18.0
MinimumVisualStudioVersion = 10.0.40219.1
Project("{FAE04EC0-301F-11D3-BF4B-00C04F79EFBC}") = "TLBR", "PitchX\TLBR.csproj", "{8B023185-DA5B-4C30-9BFC-4E0309C3DD57}"
EndProject
Project("{930C7802-8A8C-48F9-8165-68863BCCD9DD}") = "Setup", "Setup\Setup.wixproj", "{CFC4A4AF-8BD4-4227-AB80-3EE688AD5E4F}"
EndProject
Global
	GlobalSection(SolutionConfigurationPlatforms) = preSolution
		Debug|Any CPU = Debug|Any CPU
		Debug|x86 = Debug|x86
		Release|Any CPU = Release|Any CPU
		Release|x86 = Release|x86
	EndGlobalSection
	GlobalSection(ProjectConfigurationPlatforms) = postSolution
		{8B023185-DA5B-4C30-9BFC-4E0309C3DD57}.Debug|Any CPU.ActiveCfg = Debug|Any CPU
		{8B023185-DA5B-4C30-9BFC-4E0309C3DD57}.Debug|Any CPU.Build.0 = Debug|Any CPU
		{8B023185-DA5B-4C30-9BFC-4E0309C3DD57}.Debug|x86.ActiveCfg = Debug|Any CPU
		{8B023185-DA5B-4C30-9BFC-4E0309C3DD57}.Debug|x86.Build.0 = Debug|Any CPU
		{8B023185-DA5B-4C30-9BFC-4E0309C3DD57}.Release|Any CPU.ActiveCfg = Release|Any CPU
		{8B023185-DA5B-4C30-9BFC-4E0309C3DD57}.Release|Any CPU.Build.0 = Release|Any CPU
		{8B023185-DA5B-4C30-9BFC-4E0309C3DD57}.Release|x86.ActiveCfg = Release|Any CPU
		{8B023185-DA5B-4C30-9BFC-4E0309C3DD57}.Release|x86.Build.0 = Release|Any CPU
		{CFC4A4AF-8BD4-4227-AB80-3EE688AD5E4F}.Debug|Any CPU.ActiveCfg = Debug|x86
		{CFC4A4AF-8BD4-4227-AB80-3EE688AD5E4F}.Debug|Any CPU.Build.0 = Debug|x86
		{CFC4A4AF-8BD4-4227-AB80-3EE688AD5E4F}.Debug|x86.ActiveCfg = Debug|x86
		{CFC4A4AF-8BD4-4227-AB80-3EE688AD5E4F}.Debug|x86.Build.0 = Debug|x86
		{CFC4A4AF-8BD4-4227-AB80-3EE688AD5E4F}.Release|Any CPU.ActiveCfg = Release|x86
		{CFC4A4AF-8BD4-4227-AB80-3EE688AD5E4F}.Release|Any CPU.Build.0 = Release|x86
		{CFC4A4AF-8BD4-4227-AB80-3EE688AD5E4F}.Release|x86.ActiveCfg = Release|x86
		{CFC4A4AF-8BD4-4227-AB80-3EE688AD5E4F}.Release|x86.Build.0 = Release|x86
	EndGlobalSection
	GlobalSection(SolutionProperties) = preSolution
		HideSolutionNode = FALSE
	EndGlobalSection
	GlobalSection(ExtensibilityGlobals) = postSolution
		SolutionGuid = {E1FF6038-D0DC-41BA-8662-62A176CAF797}
	EndGlobalSection
EndGlobal
